// !$*UTF8*$!
{
	archiveVersion = 1;
	classes = {
	};
	objectVersion = 50;
	objects = {

/* Begin PBXBuildFile section */
		C6254B0A24333B510075FF51 /* AppDelegate.swift in Sources */ = {isa = PBXBuildFile; fileRef = C6254B0924333B510075FF51 /* AppDelegate.swift */; };
		C6254B0C24333B510075FF51 /* SceneDelegate.swift in Sources */ = {isa = PBXBuildFile; fileRef = C6254B0B24333B510075FF51 /* SceneDelegate.swift */; };
		C6254B0E24333B510075FF51 /* TableViewController.swift in Sources */ = {isa = PBXBuildFile; fileRef = C6254B0D24333B510075FF51 /* TableViewController.swift */; };
		C6254B1124333B510075FF51 /* Main.storyboard in Resources */ = {isa = PBXBuildFile; fileRef = C6254B0F24333B510075FF51 /* Main.storyboard */; };
		C6254B1324333B530075FF51 /* Assets.xcassets in Resources */ = {isa = PBXBuildFile; fileRef = C6254B1224333B530075FF51 /* Assets.xcassets */; };
		C6254B1624333B530075FF51 /* LaunchScreen.storyboard in Resources */ = {isa = PBXBuildFile; fileRef = C6254B1424333B530075FF51 /* LaunchScreen.storyboard */; };
		C6254B1E2433552F0075FF51 /* DetailViewController.swift in Sources */ = {isa = PBXBuildFile; fileRef = C6254B1D2433552F0075FF51 /* DetailViewController.swift */; };
		C6254B20243377070075FF51 /* countries.json in Resources */ = {isa = PBXBuildFile; fileRef = C6254B1F243377070075FF51 /* countries.json */; };
		C6254B22243377C70075FF51 /* Countries.swift in Sources */ = {isa = PBXBuildFile; fileRef = C6254B21243377C70075FF51 /* Countries.swift */; };
		C6254B24243377E50075FF51 /* Country.swift in Sources */ = {isa = PBXBuildFile; fileRef = C6254B23243377E50075FF51 /* Country.swift */; };
/* End PBXBuildFile section */

/* Begin PBXFileReference section */
		C6254B0624333B510075FF51 /* Country Facts.app */ = {isa = PBXFileReference; explicitFileType = wrapper.application; includeInIndex = 0; path = "Country Facts.app"; sourceTree = BUILT_PRODUCTS_DIR; };
		C6254B0924333B510075FF51 /* AppDelegate.swift */ = {isa = PBXFileReference; lastKnownFileType = sourcecode.swift; path = AppDelegate.swift; sourceTree = "<group>"; };
		C6254B0B24333B510075FF51 /* SceneDelegate.swift */ = {isa = PBXFileReference; lastKnownFileType = sourcecode.swift; path = SceneDelegate.swift; sourceTree = "<group>"; };
		C6254B0D24333B510075FF51 /* TableViewController.swift */ = {isa = PBXFileReference; lastKnownFileType = sourcecode.swift; path = TableViewController.swift; sourceTree = "<group>"; };
		C6254B1024333B510075FF51 /* Base */ = {isa = PBXFileReference; lastKnownFileType = file.storyboard; name = Base; path = Base.lproj/Main.storyboard; sourceTree = "<group>"; };
		C6254B1224333B530075FF51 /* Assets.xcassets */ = {isa = PBXFileReference; lastKnownFileType = folder.assetcatalog; path = Assets.xcassets; sourceTree = "<group>"; };
		C6254B1524333B530075FF51 /* Base */ = {isa = PBXFileReference; lastKnownFileType = file.storyboard; name = Base; path = Base.lproj/LaunchScreen.storyboard; sourceTree = "<group>"; };
		C6254B1724333B530075FF51 /* Info.plist */ = {isa = PBXFileReference; lastKnownFileType = text.plist.xml; path = Info.plist; sourceTree = "<group>"; };
		C6254B1D2433552F0075FF51 /* DetailViewController.swift */ = {isa = PBXFileReference; lastKnownFileType = sourcecode.swift; path = DetailViewController.swift; sourceTree = "<group>"; };
		C6254B1F243377070075FF51 /* countries.json */ = {isa = PBXFileReference; lastKnownFileType = text.json; path = countries.json; sourceTree = "<group>"; };
		C6254B21243377C70075FF51 /* Countries.swift */ = {isa = PBXFileReference; lastKnownFileType = sourcecode.swift; path = Countries.swift; sourceTree = "<group>"; };
		C6254B23243377E50075FF51 /* Country.swift */ = {isa = PBXFileReference; lastKnownFileType = sourcecode.swift; path = Country.swift; sourceTree = "<group>"; };
/* End PBXFileReference section */

/* Begin PBXFrameworksBuildPhase section */
		C6254B0324333B510075FF51 /* Frameworks */ = {
			isa = PBXFrameworksBuildPhase;
			buildActionMask = 2147483647;
			files = (
			);
			runOnlyForDeploymentPostprocessing = 0;
		};
/* End PBXFrameworksBuildPhase section */

/* Begin PBXGroup section */
		C6254AFD24333B510075FF51 = {
			isa = PBXGroup;
			children = (
				C6254B0824333B510075FF51 /* country-facts */,
				C6254B0724333B510075FF51 /* Products */,
			);
			sourceTree = "<group>";
		};
		C6254B0724333B510075FF51 /* Products */ = {
			isa = PBXGroup;
			children = (
				C6254B0624333B510075FF51 /* Country Facts.app */,
			);
			name = Products;
			sourceTree = "<group>";
		};
		C6254B0824333B510075FF51 /* country-facts */ = {
			isa = PBXGroup;
			children = (
				C6254B0924333B510075FF51 /* AppDelegate.swift */,
				C6254B0B24333B510075FF51 /* SceneDelegate.swift */,
				C6254B0D24333B510075FF51 /* TableViewController.swift */,
				C6254B0F24333B510075FF51 /* Main.storyboard */,
				C6254B1D2433552F0075FF51 /* DetailViewController.swift */,
				C6254B1224333B530075FF51 /* Assets.xcassets */,
				C6254B1424333B530075FF51 /* LaunchScreen.storyboard */,
				C6254B1724333B530075FF51 /* Info.plist */,
				C6254B1F243377070075FF51 /* countries.json */,
				C6254B21243377C70075FF51 /* Countries.swift */,
				C6254B23243377E50075FF51 /* Country.swift */,
			);
			path = "country-facts";
			sourceTree = "<group>";
		};
/* End PBXGroup section */

/* Begin PBXNativeTarget section */
		C6254B0524333B510075FF51 /* country-facts */ = {
			isa = PBXNativeTarget;
			buildConfigurationList = C6254B1A24333B530075FF51 /* Build configuration list for PBXNativeTarget "country-facts" */;
			buildPhases = (
				C6254B0224333B510075FF51 /* Sources */,
				C6254B0324333B510075FF51 /* Frameworks */,
				C6254B0424333B510075FF51 /* Resources */,
			);
			buildRules = (
			);
			dependencies = (
			);
			name = "country-facts";
			productName = "country-facts";
			productReference = C6254B0624333B510075FF51 /* Country Facts.app */;
			productType = "com.apple.product-type.application";
		};
/* End PBXNativeTarget section */

/* Begin PBXProject section */
		C6254AFE24333B510075FF51 /* Project object */ = {
			isa = PBXProject;
			attributes = {
				LastSwiftUpdateCheck = 1130;
				LastUpgradeCheck = 1130;
				ORGANIZATIONNAME = "Brad Chesworth";
				TargetAttributes = {
					C6254B0524333B510075FF51 = {
						CreatedOnToolsVersion = 11.3;
					};
				};
			};
			buildConfigurationList = C6254B0124333B510075FF51 /* Build configuration list for PBXProject "country-facts" */;
			compatibilityVersion = "Xcode 9.3";
			developmentRegion = en;
			hasScannedForEncodings = 0;
			knownRegions = (
				en,
				Base,
			);
			mainGroup = C6254AFD24333B510075FF51;
			productRefGroup = C6254B0724333B510075FF51 /* Products */;
			projectDirPath = "";
			projectRoot = "";
			targets = (
				C6254B0524333B510075FF51 /* country-facts */,
			);
		};
/* End PBXProject section */

/* Begin PBXResourcesBuildPhase section */
		C6254B0424333B510075FF51 /* Resources */ = {
			isa = PBXResourcesBuildPhase;
			buildActionMask = 2147483647;
			files = (
				C6254B1624333B530075FF51 /* LaunchScreen.storyboard in Resources */,
				C6254B1324333B530075FF51 /* Assets.xcassets in Resources */,
				C6254B20243377070075FF51 /* countries.json in Resources */,
				C6254B1124333B510075FF51 /* Main.storyboard in Resources */,
			);
			runOnlyForDeploymentPostprocessing = 0;
		};
/* End PBXResourcesBuildPhase section */

/* Begin PBXSourcesBuildPhase section */
		C6254B0224333B510075FF51 /* Sources */ = {
			isa = PBXSourcesBuildPhase;
			buildActionMask = 2147483647;
			files = (
				C6254B0E24333B510075FF51 /* TableViewController.swift in Sources */,
				C6254B0A24333B510075FF51 /* AppDelegate.swift in Sources */,
				C6254B22243377C70075FF51 /* Countries.swift in Sources */,
				C6254B0C24333B510075FF51 /* SceneDelegate.swift in Sources */,
				C6254B24243377E50075FF51 /* Country.swift in Sources */,
				C6254B1E2433552F0075FF51 /* DetailViewController.swift in Sources */,
			);
			runOnlyForDeploymentPostprocessing = 0;
		};
/* End PBXSourcesBuildPhase section */

/* Begin PBXVariantGroup section */
		C6254B0F24333B510075FF51 /* Main.storyboard */ = {
			isa = PBXVariantGroup;
			children = (
				C6254B1024333B510075FF51 /* Base */,
			);
			name = Main.storyboard;
			sourceTree = "<group>";
		};
		C6254B1424333B530075FF51 /* LaunchScreen.storyboard */ = {
			isa = PBXVariantGroup;
			children = (
				C6254B1524333B530075FF51 /* Base */,
			);
			name = LaunchScreen.storyboard;
			sourceTree = "<group>";
		};
/* End PBXVariantGroup section */

/* Begin XCBuildConfiguration section */
		C6254B1824333B530075FF51 /* Debug */ = {
			isa = XCBuildConfiguration;
			buildSettings = {
				ALWAYS_SEARCH_USER_PATHS = NO;
				CLANG_ANALYZER_NONNULL = YES;
				CLANG_ANALYZER_NUMBER_OBJECT_CONVERSION = YES_AGGRESSIVE;
				CLANG_CXX_LANGUAGE_STANDARD = "gnu++14";
				CLANG_CXX_LIBRARY = "libc++";
				CLANG_ENABLE_MODULES = YES;
				CLANG_ENABLE_OBJC_ARC = YES;
				CLANG_ENABLE_OBJC_WEAK = YES;
				CLANG_WARN_BLOCK_CAPTURE_AUTORELEASING = YES;
				CLANG_WARN_BOOL_CONVERSION = YES;
				CLANG_WARN_COMMA = YES;
				CLANG_WARN_CONSTANT_CONVERSION = YES;
				CLANG_WARN_DEPRECATED_OBJC_IMPLEMENTATIONS = YES;
				CLANG_WARN_DIRECT_OBJC_ISA_USAGE = YES_ERROR;
				CLANG_WARN_DOCUMENTATION_COMMENTS = YES;
				CLANG_WARN_EMPTY_BODY = YES;
				CLANG_WARN_ENUM_CONVERSION = YES;
				CLANG_WARN_INFINITE_RECURSION = YES;
				CLANG_WARN_INT_CONVERSION = YES;
				CLANG_WARN_NON_LITERAL_NULL_CONVERSION = YES;
				CLANG_WARN_OBJC_IMPLICIT_RETAIN_SELF = YES;
				CLANG_WARN_OBJC_LITERAL_CONVERSION = YES;
				CLANG_WARN_OBJC_ROOT_CLASS = YES_ERROR;
				CLANG_WARN_RANGE_LOOP_ANALYSIS = YES;
				CLANG_WARN_STRICT_PROTOTYPES = YES;
				CLANG_WARN_SUSPICIOUS_MOVE = YES;
				CLANG_WARN_UNGUARDED_AVAILABILITY = YES_AGGRESSIVE;
				CLANG_WARN_UNREACHABLE_CODE = YES;
				CLANG_WARN__DUPLICATE_METHOD_MATCH = YES;
				COPY_PHASE_STRIP = NO;
				DEBUG_INFORMATION_FORMAT = dwarf;
				ENABLE_STRICT_OBJC_MSGSEND = YES;
				ENABLE_TESTABILITY = YES;
				GCC_C_LANGUAGE_STANDARD = gnu11;
				GCC_DYNAMIC_NO_PIC = NO;
				GCC_NO_COMMON_BLOCKS = YES;
				GCC_OPTIMIZATION_LEVEL = 0;
				GCC_PREPROCESSOR_DEFINITIONS = (
					"DEBUG=1",
					"$(inherited)",
				);
				GCC_WARN_64_TO_32_BIT_CONVERSION = YES;
				GCC_WARN_ABOUT_RETURN_TYPE = YES_ERROR;
				GCC_WARN_UNDECLARED_SELECTOR = YES;
				GCC_WARN_UNINITIALIZED_AUTOS = YES_AGGRESSIVE;
				GCC_WARN_UNUSED_FUNCTION = YES;
				GCC_WARN_UNUSED_VARIABLE = YES;
				IPHONEOS_DEPLOYMENT_TARGET = 13.2;
				MTL_ENABLE_DEBUG_INFO = INCLUDE_SOURCE;
				MTL_FAST_MATH = YES;
				ONLY_ACTIVE_ARCH = YES;
				SDKROOT = iphoneos;
				SWIFT_ACTIVE_COMPILATION_CONDITIONS = DEBUG;
				SWIFT_OPTIMIZATION_LEVEL = "-Onone";
			};
			name = Debug;
		};
		C6254B1924333B530075FF51 /* Release */ = {
			isa = XCBuildConfiguration;
			buildSettings = {
				ALWAYS_SEARCH_USER_PATHS = NO;
				CLANG_ANALYZER_NONNULL = YES;
				CLANG_ANALYZER_NUMBER_OBJECT_CONVERSION = YES_AGGRESSIVE;
				CLANG_CXX_LANGUAGE_STANDARD = "gnu++14";
				CLANG_CXX_LIBRARY = "libc++";
				CLANG_ENABLE_MODULES = YES;
				CLANG_ENABLE_OBJC_ARC = YES;
				CLANG_ENABLE_OBJC_WEAK = YES;
				CLANG_WARN_BLOCK_CAPTURE_AUTORELEASING = YES;
				CLANG_WARN_BOOL_CONVERSION = YES;
				CLANG_WARN_COMMA = YES;
				CLANG_WARN_CONSTANT_CONVERSION = YES;
				CLANG_WARN_DEPRECATED_OBJC_IMPLEMENTATIONS = YES;
				CLANG_WARN_DIRECT_OBJC_ISA_USAGE = YES_ERROR;
				CLANG_WARN_DOCUMENTATION_COMMENTS = YES;
				CLANG_WARN_EMPTY_BODY = YES;
				CLANG_WARN_ENUM_CONVERSION = YES;
				CLANG_WARN_INFINITE_RECURSION = YES;
				CLANG_WARN_INT_CONVERSION = YES;
				CLANG_WARN_NON_LITERAL_NULL_CONVERSION = YES;
				CLANG_WARN_OBJC_IMPLICIT_RETAIN_SELF = YES;
				CLANG_WARN_OBJC_LITERAL_CONVERSION = YES;
				CLANG_WARN_OBJC_ROOT_CLASS = YES_ERROR;
				CLANG_WARN_RANGE_LOOP_ANALYSIS = YES;
				CLANG_WARN_STRICT_PROTOTYPES = YES;
				CLANG_WARN_SUSPICIOUS_MOVE = YES;
				CLANG_WARN_UNGUARDED_AVAILABILITY = YES_AGGRESSIVE;
				CLANG_WARN_UNREACHABLE_CODE = YES;
				CLANG_WARN__DUPLICATE_METHOD_MATCH = YES;
				COPY_PHASE_STRIP = NO;
				DEBUG_INFORMATION_FORMAT = "dwarf-with-dsym";
				ENABLE_NS_ASSERTIONS = NO;
				ENABLE_STRICT_OBJC_MSGSEND = YES;
				GCC_C_LANGUAGE_STANDARD = gnu11;
				GCC_NO_COMMON_BLOCKS = YES;
				GCC_WARN_64_TO_32_BIT_CONVERSION = YES;
				GCC_WARN_ABOUT_RETURN_TYPE = YES_ERROR;
				GCC_WARN_UNDECLARED_SELECTOR = YES;
				GCC_WARN_UNINITIALIZED_AUTOS = YES_AGGRESSIVE;
				GCC_WARN_UNUSED_FUNCTION = YES;
				GCC_WARN_UNUSED_VARIABLE = YES;
				IPHONEOS_DEPLOYMENT_TARGET = 13.2;
				MTL_ENABLE_DEBUG_INFO = NO;
				MTL_FAST_MATH = YES;
				SDKROOT = iphoneos;
				SWIFT_COMPILATION_MODE = wholemodule;
				SWIFT_OPTIMIZATION_LEVEL = "-O";
				VALIDATE_PRODUCT = YES;
			};
			name = Release;
		};
		C6254B1B24333B530075FF51 /* Debug */ = {
			isa = XCBuildConfiguration;
			buildSettings = {
				ASSETCATALOG_COMPILER_APPICON_NAME = AppIcon;
				CODE_SIGN_STYLE = Automatic;
				DEVELOPMENT_TEAM = P323FQSL2Z;
				INFOPLIST_FILE = "country-facts/Info.plist";
				LD_RUNPATH_SEARCH_PATHS = (
					"$(inherited)",
					"@executable_path/Frameworks",
				);
				PRODUCT_BUNDLE_IDENTIFIER = "com.personal.country-facts";
				PRODUCT_NAME = "Country Facts";
				SWIFT_VERSION = 5.0;
				TARGETED_DEVICE_FAMILY = "1,2";
			};
			name = Debug;
		};
		C6254B1C24333B530075FF51 /* Release */ = {
			isa = XCBuildConfiguration;
			buildSettings = {
				ASSETCATALOG_COMPILER_APPICON_NAME = AppIcon;
				CODE_SIGN_STYLE = Automatic;
				DEVELOPMENT_TEAM = P323FQSL2Z;
				INFOPLIST_FILE = "country-facts/Info.plist";
				LD_RUNPATH_SEARCH_PATHS = (
					"$(inherited)",
					"@executable_path/Frameworks",
				);
				PRODUCT_BUNDLE_IDENTIFIER = "com.personal.country-facts";
				PRODUCT_NAME = "Country Facts";
				SWIFT_VERSION = 5.0;
				TARGETED_DEVICE_FAMILY = "1,2";
			};
			name = Release;
		};
/* End XCBuildConfiguration section */

/* Begin XCConfigurationList section */
		C6254B0124333B510075FF51 /* Build configuration list for PBXProject "country-facts" */ = {
			isa = XCConfigurationList;
			buildConfigurations = (
				C6254B1824333B530075FF51 /* Debug */,
				C6254B1924333B530075FF51 /* Release */,
			);
			defaultConfigurationIsVisible = 0;
			defaultConfigurationName = Release;
		};
		C6254B1A24333B530075FF51 /* Build configuration list for PBXNativeTarget "country-facts" */ = {
			isa = XCConfigurationList;
			buildConfigurations = (
				C6254B1B24333B530075FF51 /* Debug */,
				C6254B1C24333B530075FF51 /* Release */,
			);
			defaultConfigurationIsVisible = 0;
			defaultConfigurationName = Release;
		};
/* End XCConfigurationList section */
	};
	rootObject = C6254AFE24333B510075FF51 /* Project object */;
}
